
Microsoft Visual Studio Solution File, Format Version 12.00
# Visual Studio Version 17
VisualStudioVersion = 17.9.34723.18
MinimumVisualStudioVersion = 10.0.40219.1
Project("{FAE04EC0-301F-11D3-BF4B-00C04F79EFBC}") = "MeteoApp", "MeteoApp.csproj", "{B54D50A1-8DC7-495C-AA9B-9B3750674317}"
EndProject
Global
	GlobalSection(SolutionConfigurationPlatforms) = preSolution
		Debug|Any CPU = Debug|Any CPU
		Release|Any CPU = Release|Any CPU
	EndGlobalSection
	GlobalSection(ProjectConfigurationPlatforms) = postSolution
		{B54D50A1-8DC7-495C-AA9B-9B3750674317}.Debug|Any CPU.ActiveCfg = Debug|Any CPU
		{B54D50A1-8DC7-495C-AA9B-9B3750674317}.Debug|Any CPU.Build.0 = Debug|Any CPU
		{B54D50A1-8DC7-495C-AA9B-9B3750674317}.Release|Any CPU.ActiveCfg = Release|Any CPU
		{B54D50A1-8DC7-495C-AA9B-9B3750674317}.Release|Any CPU.Build.0 = Release|Any CPU
	EndGlobalSection
	GlobalSection(SolutionProperties) = preSolution
		HideSolutionNode = FALSE
	EndGlobalSection
	GlobalSection(ExtensibilityGlobals) = postSolution
		SolutionGuid = {F8576CD7-6A5E-49B2-B24B-20205017153D}
	EndGlobalSection
EndGlobal
